
Microsoft Visual Studio Solution File, Format Version 12.00
# Visual Studio 15
VisualStudioVersion = 15.0.28307.1738
MinimumVisualStudioVersion = 10.0.40219.1
Project("{FAE04EC0-301F-11D3-BF4B-00C04F79EFBC}") = "Prac№1", "Prac№1\Prac№1.csproj", "{83157D20-D8D9-4A5F-8ECC-548F8FF5861E}"
EndProject
Global
	GlobalSection(SolutionConfigurationPlatforms) = preSolution
		Debug|Any CPU = Debug|Any CPU
		Release|Any CPU = Release|Any CPU
	EndGlobalSection
	GlobalSection(ProjectConfigurationPlatforms) = postSolution
		{83157D20-D8D9-4A5F-8ECC-548F8FF5861E}.Debug|Any CPU.ActiveCfg = Debug|Any CPU
		{83157D20-D8D9-4A5F-8ECC-548F8FF5861E}.Debug|Any CPU.Build.0 = Debug|Any CPU
		{83157D20-D8D9-4A5F-8ECC-548F8FF5861E}.Release|Any CPU.ActiveCfg = Release|Any CPU
		{83157D20-D8D9-4A5F-8ECC-548F8FF5861E}.Release|Any CPU.Build.0 = Release|Any CPU
	EndGlobalSection
	GlobalSection(SolutionProperties) = preSolution
		HideSolutionNode = FALSE
	EndGlobalSection
	GlobalSection(ExtensibilityGlobals) = postSolution
		SolutionGuid = {265C0C27-EC38-47AC-8D2D-196B08507207}
	EndGlobalSection
EndGlobal
