
Microsoft Visual Studio Solution File, Format Version 12.00
# Visual Studio Version 17
VisualStudioVersion = 17.1.32421.90
MinimumVisualStudioVersion = 10.0.40219.1
Project("{FAE04EC0-301F-11D3-BF4B-00C04F79EFBC}") = "Lab№4", "Lab№4\Lab№4.csproj", "{8F624A04-0D33-4981-BBF1-A9C3220E21AD}"
EndProject
Global
	GlobalSection(SolutionConfigurationPlatforms) = preSolution
		Debug|Any CPU = Debug|Any CPU
		Release|Any CPU = Release|Any CPU
	EndGlobalSection
	GlobalSection(ProjectConfigurationPlatforms) = postSolution
		{8F624A04-0D33-4981-BBF1-A9C3220E21AD}.Debug|Any CPU.ActiveCfg = Debug|Any CPU
		{8F624A04-0D33-4981-BBF1-A9C3220E21AD}.Debug|Any CPU.Build.0 = Debug|Any CPU
		{8F624A04-0D33-4981-BBF1-A9C3220E21AD}.Release|Any CPU.ActiveCfg = Release|Any CPU
		{8F624A04-0D33-4981-BBF1-A9C3220E21AD}.Release|Any CPU.Build.0 = Release|Any CPU
	EndGlobalSection
	GlobalSection(SolutionProperties) = preSolution
		HideSolutionNode = FALSE
	EndGlobalSection
	GlobalSection(ExtensibilityGlobals) = postSolution
		SolutionGuid = {9A540CC3-DE48-48D3-99AF-612C070C282F}
	EndGlobalSection
EndGlobal
